
Microsoft Visual Studio Solution File, Format Version 12.00
# Visual Studio 15
VisualStudioVersion = 15.0.27130.2010
MinimumVisualStudioVersion = 10.0.40219.1
Project("{888888A0-9F3D-457C-B088-3A5042F75D52}") = "ProxyPool", "ProxyPool\ProxyPool.pyproj", "{16D4768F-E4F7-4AF2-AD2C-1A8D6A5B7CCB}"
EndProject
Global
	GlobalSection(SolutionConfigurationPlatforms) = preSolution
		Debug|Any CPU = Debug|Any CPU
		Release|Any CPU = Release|Any CPU
	EndGlobalSection
	GlobalSection(ProjectConfigurationPlatforms) = postSolution
		{16D4768F-E4F7-4AF2-AD2C-1A8D6A5B7CCB}.Debug|Any CPU.ActiveCfg = Debug|Any CPU
		{16D4768F-E4F7-4AF2-AD2C-1A8D6A5B7CCB}.Release|Any CPU.ActiveCfg = Release|Any CPU
	EndGlobalSection
	GlobalSection(SolutionProperties) = preSolution
		HideSolutionNode = FALSE
	EndGlobalSection
	GlobalSection(ExtensibilityGlobals) = postSolution
		SolutionGuid = {312BF2A3-1ADA-4588-85D5-37D35F38EFEB}
	EndGlobalSection
EndGlobal
